
Microsoft Visual Studio Solution File, Format Version 12.00
# Visual Studio 2013
VisualStudioVersion = 12.0.31101.0
MinimumVisualStudioVersion = 10.0.40219.1
Project("{888888A0-9F3D-457C-B088-3A5042F75D52}") = "PollsSample", "PollsSample\PollsSample.pyproj", "{42273A9D-6C71-4BD1-8F39-88420B58E2E3}"
EndProject
Project("{888888A0-9F3D-457C-B088-3A5042F75D52}") = "SampleTrivia", "SampleTrivia\SampleTrivia.pyproj", "{3E7EAE6E-D853-4BB6-9FBE-950226D10E64}"
EndProject
Global
	GlobalSection(SolutionConfigurationPlatforms) = preSolution
		Debug|Any CPU = Debug|Any CPU
		Release|Any CPU = Release|Any CPU
	EndGlobalSection
	GlobalSection(ProjectConfigurationPlatforms) = postSolution
		{42273A9D-6C71-4BD1-8F39-88420B58E2E3}.Debug|Any CPU.ActiveCfg = Debug|Any CPU
		{42273A9D-6C71-4BD1-8F39-88420B58E2E3}.Debug|Any CPU.Build.0 = Debug|Any CPU
		{42273A9D-6C71-4BD1-8F39-88420B58E2E3}.Release|Any CPU.ActiveCfg = Release|Any CPU
		{42273A9D-6C71-4BD1-8F39-88420B58E2E3}.Release|Any CPU.Build.0 = Release|Any CPU
		{3E7EAE6E-D853-4BB6-9FBE-950226D10E64}.Debug|Any CPU.ActiveCfg = Debug|Any CPU
		{3E7EAE6E-D853-4BB6-9FBE-950226D10E64}.Debug|Any CPU.Build.0 = Debug|Any CPU
		{3E7EAE6E-D853-4BB6-9FBE-950226D10E64}.Release|Any CPU.ActiveCfg = Release|Any CPU
		{3E7EAE6E-D853-4BB6-9FBE-950226D10E64}.Release|Any CPU.Build.0 = Release|Any CPU
	EndGlobalSection
	GlobalSection(SolutionProperties) = preSolution
		HideSolutionNode = FALSE
	EndGlobalSection
EndGlobal
